
Microsoft Visual Studio Solution File, Format Version 12.00
# Visual Studio Version 16
VisualStudioVersion = 16.0.29806.167
MinimumVisualStudioVersion = 10.0.40219.1
Project("{FAE04EC0-301F-11D3-BF4B-00C04F79EFBC}") = "IlCapo", "IlCapo\IlCapo.csproj", "{9D6F5D1A-8AED-44A3-A620-3E3B47135353}"
EndProject
Global
	GlobalSection(SolutionConfigurationPlatforms) = preSolution
		Debug|Any CPU = Debug|Any CPU
		Release|Any CPU = Release|Any CPU
	EndGlobalSection
	GlobalSection(ProjectConfigurationPlatforms) = postSolution
		{9D6F5D1A-8AED-44A3-A620-3E3B47135353}.Debug|Any CPU.ActiveCfg = Debug|Any CPU
		{9D6F5D1A-8AED-44A3-A620-3E3B47135353}.Debug|Any CPU.Build.0 = Debug|Any CPU
		{9D6F5D1A-8AED-44A3-A620-3E3B47135353}.Release|Any CPU.ActiveCfg = Release|Any CPU
		{9D6F5D1A-8AED-44A3-A620-3E3B47135353}.Release|Any CPU.Build.0 = Release|Any CPU
	EndGlobalSection
	GlobalSection(SolutionProperties) = preSolution
		HideSolutionNode = FALSE
	EndGlobalSection
	GlobalSection(ExtensibilityGlobals) = postSolution
		SolutionGuid = {09CEA833-78D1-4E5E-A6F4-07E4A2F8B018}
	EndGlobalSection
EndGlobal
